
Microsoft Visual Studio Solution File, Format Version 12.00
# Visual Studio 2012
Project("{FAE04EC0-301F-11D3-BF4B-00C04F79EFBC}") = "lazyloadingtest", "lazyloadingtest\lazyloadingtest.csproj", "{5C43A396-F79E-401E-9CAF-76B20A527C86}"
EndProject
Global
	GlobalSection(SolutionConfigurationPlatforms) = preSolution
		Debug|Any CPU = Debug|Any CPU
		Release|Any CPU = Release|Any CPU
	EndGlobalSection
	GlobalSection(ProjectConfigurationPlatforms) = postSolution
		{5C43A396-F79E-401E-9CAF-76B20A527C86}.Debug|Any CPU.ActiveCfg = Debug|Any CPU
		{5C43A396-F79E-401E-9CAF-76B20A527C86}.Debug|Any CPU.Build.0 = Debug|Any CPU
		{5C43A396-F79E-401E-9CAF-76B20A527C86}.Release|Any CPU.ActiveCfg = Release|Any CPU
		{5C43A396-F79E-401E-9CAF-76B20A527C86}.Release|Any CPU.Build.0 = Release|Any CPU
	EndGlobalSection
	GlobalSection(SolutionProperties) = preSolution
		HideSolutionNode = FALSE
	EndGlobalSection
EndGlobal
